// !$*UTF8*$!
{
	archiveVersion = 1;
	classes = {
	};
	objectVersion = 46;
	objects = {

/* Begin PBXBuildFile section */
		398D70441486EBCF009D1446 /* UIKit.framework in Frameworks */ = {isa = PBXBuildFile; fileRef = 398D70431486EBCF009D1446 /* UIKit.framework */; };
		398D70461486EBCF009D1446 /* Foundation.framework in Frameworks */ = {isa = PBXBuildFile; fileRef = 398D70451486EBCF009D1446 /* Foundation.framework */; };
		398D70481486EBCF009D1446 /* CoreGraphics.framework in Frameworks */ = {isa = PBXBuildFile; fileRef = 398D70471486EBCF009D1446 /* CoreGraphics.framework */; };
		398D704E1486EBCF009D1446 /* InfoPlist.strings in Resources */ = {isa = PBXBuildFile; fileRef = 398D704C1486EBCF009D1446 /* InfoPlist.strings */; };
		398D70501486EBCF009D1446 /* main.m in Sources */ = {isa = PBXBuildFile; fileRef = 398D704F1486EBCF009D1446 /* main.m */; };
		398D70541486EBCF009D1446 /* GPAppDelegate.m in Sources */ = {isa = PBXBuildFile; fileRef = 398D70531486EBCF009D1446 /* GPAppDelegate.m */; };
		398D70571486EBCF009D1446 /* MainStoryboard.storyboard in Resources */ = {isa = PBXBuildFile; fileRef = 398D70551486EBCF009D1446 /* MainStoryboard.storyboard */; };
		398D705A1486EBCF009D1446 /* GPMasterViewController.m in Sources */ = {isa = PBXBuildFile; fileRef = 398D70591486EBCF009D1446 /* GPMasterViewController.m */; };
		398D705D1486EBCF009D1446 /* GPDetailViewController.m in Sources */ = {isa = PBXBuildFile; fileRef = 398D705C1486EBCF009D1446 /* GPDetailViewController.m */; };
		398D708614873224009D1446 /* libz.1.1.3.dylib in Frameworks */ = {isa = PBXBuildFile; fileRef = 398D708514873224009D1446 /* libz.1.1.3.dylib */; };
		398D7094148733CD009D1446 /* ioapi.c in Sources */ = {isa = PBXBuildFile; fileRef = 398D708A148733CD009D1446 /* ioapi.c */; };
		398D7095148733CD009D1446 /* mztools.c in Sources */ = {isa = PBXBuildFile; fileRef = 398D708C148733CD009D1446 /* mztools.c */; };
		398D7096148733CD009D1446 /* unzip.c in Sources */ = {isa = PBXBuildFile; fileRef = 398D708E148733CD009D1446 /* unzip.c */; };
		398D7097148733CD009D1446 /* zip.c in Sources */ = {isa = PBXBuildFile; fileRef = 398D7090148733CD009D1446 /* zip.c */; };
		398D7098148733CD009D1446 /* ZipArchive.mm in Sources */ = {isa = PBXBuildFile; fileRef = 398D7093148733CD009D1446 /* ZipArchive.mm */; };
		398D709C1487465D009D1446 /* Base64.m in Sources */ = {isa = PBXBuildFile; fileRef = 398D709B1487465D009D1446 /* Base64.m */; };
		571C847E14880E8900C97DAC /* icon.png in Resources */ = {isa = PBXBuildFile; fileRef = 571C847D14880E8900C97DAC /* icon.png */; };
		571C84831488182800C97DAC /* checkmark.png in Resources */ = {isa = PBXBuildFile; fileRef = 571C84801488182800C97DAC /* checkmark.png */; };
		571C84851488182800C97DAC /* login2.png in Resources */ = {isa = PBXBuildFile; fileRef = 571C84821488182800C97DAC /* login2.png */; };
		571C848B148825B200C97DAC /* login.png in Resources */ = {isa = PBXBuildFile; fileRef = 571C848A148825B200C97DAC /* login.png */; };
		571C848E148826A000C97DAC /* LoginViewController.m in Sources */ = {isa = PBXBuildFile; fileRef = 571C848D148826A000C97DAC /* LoginViewController.m */; };
/* End PBXBuildFile section */

/* Begin PBXFileReference section */
		398D703F1486EBCF009D1446 /* Get_Post.app */ = {isa = PBXFileReference; explicitFileType = wrapper.application; includeInIndex = 0; path = Get_Post.app; sourceTree = BUILT_PRODUCTS_DIR; };
		398D70431486EBCF009D1446 /* UIKit.framework */ = {isa = PBXFileReference; lastKnownFileType = wrapper.framework; name = UIKit.framework; path = System/Library/Frameworks/UIKit.framework; sourceTree = SDKROOT; };
		398D70451486EBCF009D1446 /* Foundation.framework */ = {isa = PBXFileReference; lastKnownFileType = wrapper.framework; name = Foundation.framework; path = System/Library/Frameworks/Foundation.framework; sourceTree = SDKROOT; };
		398D70471486EBCF009D1446 /* CoreGraphics.framework */ = {isa = PBXFileReference; lastKnownFileType = wrapper.framework; name = CoreGraphics.framework; path = System/Library/Frameworks/CoreGraphics.framework; sourceTree = SDKROOT; };
		398D704B1486EBCF009D1446 /* Get_Post-Info.plist */ = {isa = PBXFileReference; lastKnownFileType = text.plist.xml; path = "Get_Post-Info.plist"; sourceTree = "<group>"; };
		398D704D1486EBCF009D1446 /* en */ = {isa = PBXFileReference; lastKnownFileType = text.plist.strings; name = en; path = en.lproj/InfoPlist.strings; sourceTree = "<group>"; };
		398D704F1486EBCF009D1446 /* main.m */ = {isa = PBXFileReference; lastKnownFileType = sourcecode.c.objc; path = main.m; sourceTree = "<group>"; };
		398D70511486EBCF009D1446 /* Get_Post-Prefix.pch */ = {isa = PBXFileReference; lastKnownFileType = sourcecode.c.h; path = "Get_Post-Prefix.pch"; sourceTree = "<group>"; };
		398D70521486EBCF009D1446 /* GPAppDelegate.h */ = {isa = PBXFileReference; lastKnownFileType = sourcecode.c.h; path = GPAppDelegate.h; sourceTree = "<group>"; };
		398D70531486EBCF009D1446 /* GPAppDelegate.m */ = {isa = PBXFileReference; lastKnownFileType = sourcecode.c.objc; path = GPAppDelegate.m; sourceTree = "<group>"; };
		398D70561486EBCF009D1446 /* en */ = {isa = PBXFileReference; lastKnownFileType = file.storyboard; name = en; path = en.lproj/MainStoryboard.storyboard; sourceTree = "<group>"; };
		398D70581486EBCF009D1446 /* GPMasterViewController.h */ = {isa = PBXFileReference; lastKnownFileType = sourcecode.c.h; path = GPMasterViewController.h; sourceTree = "<group>"; };
		398D70591486EBCF009D1446 /* GPMasterViewController.m */ = {isa = PBXFileReference; lastKnownFileType = sourcecode.c.objc; path = GPMasterViewController.m; sourceTree = "<group>"; };
		398D705B1486EBCF009D1446 /* GPDetailViewController.h */ = {isa = PBXFileReference; lastKnownFileType = sourcecode.c.h; path = GPDetailViewController.h; sourceTree = "<group>"; };
		398D705C1486EBCF009D1446 /* GPDetailViewController.m */ = {isa = PBXFileReference; lastKnownFileType = sourcecode.c.objc; path = GPDetailViewController.m; sourceTree = "<group>"; };
		398D708514873224009D1446 /* libz.1.1.3.dylib */ = {isa = PBXFileReference; lastKnownFileType = "compiled.mach-o.dylib"; name = libz.1.1.3.dylib; path = usr/lib/libz.1.1.3.dylib; sourceTree = SDKROOT; };
		398D7089148733CD009D1446 /* crypt.h */ = {isa = PBXFileReference; fileEncoding = 4; lastKnownFileType = sourcecode.c.h; path = crypt.h; sourceTree = "<group>"; };
		398D708A148733CD009D1446 /* ioapi.c */ = {isa = PBXFileReference; fileEncoding = 4; lastKnownFileType = sourcecode.c.c; path = ioapi.c; sourceTree = "<group>"; };
		398D708B148733CD009D1446 /* ioapi.h */ = {isa = PBXFileReference; fileEncoding = 4; lastKnownFileType = sourcecode.c.h; path = ioapi.h; sourceTree = "<group>"; };
		398D708C148733CD009D1446 /* mztools.c */ = {isa = PBXFileReference; fileEncoding = 4; lastKnownFileType = sourcecode.c.c; path = mztools.c; sourceTree = "<group>"; };
		398D708D148733CD009D1446 /* mztools.h */ = {isa = PBXFileReference; fileEncoding = 4; lastKnownFileType = sourcecode.c.h; path = mztools.h; sourceTree = "<group>"; };
		398D708E148733CD009D1446 /* unzip.c */ = {isa = PBXFileReference; fileEncoding = 4; lastKnownFileType = sourcecode.c.c; path = unzip.c; sourceTree = "<group>"; };
		398D708F148733CD009D1446 /* unzip.h */ = {isa = PBXFileReference; fileEncoding = 4; lastKnownFileType = sourcecode.c.h; path = unzip.h; sourceTree = "<group>"; };
		398D7090148733CD009D1446 /* zip.c */ = {isa = PBXFileReference; fileEncoding = 4; lastKnownFileType = sourcecode.c.c; path = zip.c; sourceTree = "<group>"; };
		398D7091148733CD009D1446 /* zip.h */ = {isa = PBXFileReference; fileEncoding = 4; lastKnownFileType = sourcecode.c.h; path = zip.h; sourceTree = "<group>"; };
		398D7092148733CD009D1446 /* ZipArchive.h */ = {isa = PBXFileReference; fileEncoding = 4; lastKnownFileType = sourcecode.c.h; path = ZipArchive.h; sourceTree = "<group>"; };
		398D7093148733CD009D1446 /* ZipArchive.mm */ = {isa = PBXFileReference; fileEncoding = 4; lastKnownFileType = sourcecode.cpp.objcpp; path = ZipArchive.mm; sourceTree = "<group>"; };
		398D709A1487465D009D1446 /* Base64.h */ = {isa = PBXFileReference; fileEncoding = 4; lastKnownFileType = sourcecode.c.h; path = Base64.h; sourceTree = "<group>"; };
		398D709B1487465D009D1446 /* Base64.m */ = {isa = PBXFileReference; fileEncoding = 4; lastKnownFileType = sourcecode.c.objc; path = Base64.m; sourceTree = "<group>"; };
		571C847D14880E8900C97DAC /* icon.png */ = {isa = PBXFileReference; lastKnownFileType = image.png; path = icon.png; sourceTree = "<group>"; };
		571C84801488182800C97DAC /* checkmark.png */ = {isa = PBXFileReference; lastKnownFileType = image.png; path = checkmark.png; sourceTree = "<group>"; };
		571C84821488182800C97DAC /* login2.png */ = {isa = PBXFileReference; lastKnownFileType = image.png; path = login2.png; sourceTree = "<group>"; };
		571C848A148825B200C97DAC /* login.png */ = {isa = PBXFileReference; lastKnownFileType = image.png; path = login.png; sourceTree = "<group>"; };
		571C848C148826A000C97DAC /* LoginViewController.h */ = {isa = PBXFileReference; fileEncoding = 4; lastKnownFileType = sourcecode.c.h; path = LoginViewController.h; sourceTree = "<group>"; };
		571C848D148826A000C97DAC /* LoginViewController.m */ = {isa = PBXFileReference; fileEncoding = 4; lastKnownFileType = sourcecode.c.objc; path = LoginViewController.m; sourceTree = "<group>"; };
/* End PBXFileReference section */

/* Begin PBXFrameworksBuildPhase section */
		398D703C1486EBCF009D1446 /* Frameworks */ = {
			isa = PBXFrameworksBuildPhase;
			buildActionMask = 2147483647;
			files = (
				398D708614873224009D1446 /* libz.1.1.3.dylib in Frameworks */,
				398D70441486EBCF009D1446 /* UIKit.framework in Frameworks */,
				398D70461486EBCF009D1446 /* Foundation.framework in Frameworks */,
				398D70481486EBCF009D1446 /* CoreGraphics.framework in Frameworks */,
			);
			runOnlyForDeploymentPostprocessing = 0;
		};
/* End PBXFrameworksBuildPhase section */

/* Begin PBXGroup section */
		398D70341486EBCF009D1446 = {
			isa = PBXGroup;
			children = (
				571C847D14880E8900C97DAC /* icon.png */,
				398D70491486EBCF009D1446 /* Get_Post */,
				398D70421486EBCF009D1446 /* Frameworks */,
				398D70401486EBCF009D1446 /* Products */,
			);
			sourceTree = "<group>";
		};
		398D70401486EBCF009D1446 /* Products */ = {
			isa = PBXGroup;
			children = (
				398D703F1486EBCF009D1446 /* Get_Post.app */,
			);
			name = Products;
			sourceTree = "<group>";
		};
		398D70421486EBCF009D1446 /* Frameworks */ = {
			isa = PBXGroup;
			children = (
				398D708514873224009D1446 /* libz.1.1.3.dylib */,
				398D70431486EBCF009D1446 /* UIKit.framework */,
				398D70451486EBCF009D1446 /* Foundation.framework */,
				398D70471486EBCF009D1446 /* CoreGraphics.framework */,
			);
			name = Frameworks;
			sourceTree = "<group>";
		};
		398D70491486EBCF009D1446 /* Get_Post */ = {
			isa = PBXGroup;
			children = (
				398D70521486EBCF009D1446 /* GPAppDelegate.h */,
				398D70531486EBCF009D1446 /* GPAppDelegate.m */,
				398D70551486EBCF009D1446 /* MainStoryboard.storyboard */,
				398D70581486EBCF009D1446 /* GPMasterViewController.h */,
				398D70591486EBCF009D1446 /* GPMasterViewController.m */,
				398D705B1486EBCF009D1446 /* GPDetailViewController.h */,
				398D705C1486EBCF009D1446 /* GPDetailViewController.m */,
				571C848C148826A000C97DAC /* LoginViewController.h */,
				571C848D148826A000C97DAC /* LoginViewController.m */,
				398D70991487465D009D1446 /* base64 */,
				398D7087148733CD009D1446 /* ZipArchive */,
				398D704A1486EBCF009D1446 /* Supporting Files */,
			);
			path = Get_Post;
			sourceTree = "<group>";
		};
		398D704A1486EBCF009D1446 /* Supporting Files */ = {
			isa = PBXGroup;
			children = (
				571C84801488182800C97DAC /* checkmark.png */,
				571C848A148825B200C97DAC /* login.png */,
				571C84821488182800C97DAC /* login2.png */,
				398D704B1486EBCF009D1446 /* Get_Post-Info.plist */,
				398D704C1486EBCF009D1446 /* InfoPlist.strings */,
				398D704F1486EBCF009D1446 /* main.m */,
				398D70511486EBCF009D1446 /* Get_Post-Prefix.pch */,
			);
			name = "Supporting Files";
			sourceTree = "<group>";
		};
		398D7087148733CD009D1446 /* ZipArchive */ = {
			isa = PBXGroup;
			children = (
				398D7088148733CD009D1446 /* minizip */,
				398D7092148733CD009D1446 /* ZipArchive.h */,
				398D7093148733CD009D1446 /* ZipArchive.mm */,
			);
			path = ZipArchive;
			sourceTree = "<group>";
		};
		398D7088148733CD009D1446 /* minizip */ = {
			isa = PBXGroup;
			children = (
				398D7089148733CD009D1446 /* crypt.h */,
				398D708A148733CD009D1446 /* ioapi.c */,
				398D708B148733CD009D1446 /* ioapi.h */,
				398D708C148733CD009D1446 /* mztools.c */,
				398D708D148733CD009D1446 /* mztools.h */,
				398D708E148733CD009D1446 /* unzip.c */,
				398D708F148733CD009D1446 /* unzip.h */,
				398D7090148733CD009D1446 /* zip.c */,
				398D7091148733CD009D1446 /* zip.h */,
			);
			path = minizip;
			sourceTree = "<group>";
		};
		398D70991487465D009D1446 /* base64 */ = {
			isa = PBXGroup;
			children = (
				398D709A1487465D009D1446 /* Base64.h */,
				398D709B1487465D009D1446 /* Base64.m */,
			);
			path = base64;
			sourceTree = "<group>";
		};
/* End PBXGroup section */

/* Begin PBXNativeTarget section */
		398D703E1486EBCF009D1446 /* Get_Post */ = {
			isa = PBXNativeTarget;
			buildConfigurationList = 398D70601486EBCF009D1446 /* Build configuration list for PBXNativeTarget "Get_Post" */;
			buildPhases = (
				398D703B1486EBCF009D1446 /* Sources */,
				398D703C1486EBCF009D1446 /* Frameworks */,
				398D703D1486EBCF009D1446 /* Resources */,
			);
			buildRules = (
			);
			dependencies = (
			);
			name = Get_Post;
			productName = Get_Post;
			productReference = 398D703F1486EBCF009D1446 /* Get_Post.app */;
			productType = "com.apple.product-type.application";
		};
/* End PBXNativeTarget section */

/* Begin PBXProject section */
		398D70361486EBCF009D1446 /* Project object */ = {
			isa = PBXProject;
			attributes = {
				LastUpgradeCheck = 0420;
				ORGANIZATIONNAME = vaughn;
			};
			buildConfigurationList = 398D70391486EBCF009D1446 /* Build configuration list for PBXProject "Get_Post" */;
			compatibilityVersion = "Xcode 3.2";
			developmentRegion = English;
			hasScannedForEncodings = 0;
			knownRegions = (
				en,
			);
			mainGroup = 398D70341486EBCF009D1446;
			productRefGroup = 398D70401486EBCF009D1446 /* Products */;
			projectDirPath = "";
			projectRoot = "";
			targets = (
				398D703E1486EBCF009D1446 /* Get_Post */,
			);
		};
/* End PBXProject section */

/* Begin PBXResourcesBuildPhase section */
		398D703D1486EBCF009D1446 /* Resources */ = {
			isa = PBXResourcesBuildPhase;
			buildActionMask = 2147483647;
			files = (
				398D704E1486EBCF009D1446 /* InfoPlist.strings in Resources */,
				398D70571486EBCF009D1446 /* MainStoryboard.storyboard in Resources */,
				571C847E14880E8900C97DAC /* icon.png in Resources */,
				571C84831488182800C97DAC /* checkmark.png in Resources */,
				571C84851488182800C97DAC /* login2.png in Resources */,
				571C848B148825B200C97DAC /* login.png in Resources */,
			);
			runOnlyForDeploymentPostprocessing = 0;
		};
/* End PBXResourcesBuildPhase section */

/* Begin PBXSourcesBuildPhase section */
		398D703B1486EBCF009D1446 /* Sources */ = {
			isa = PBXSourcesBuildPhase;
			buildActionMask = 2147483647;
			files = (
				398D70501486EBCF009D1446 /* main.m in Sources */,
				398D70541486EBCF009D1446 /* GPAppDelegate.m in Sources */,
				398D705A1486EBCF009D1446 /* GPMasterViewController.m in Sources */,
				398D705D1486EBCF009D1446 /* GPDetailViewController.m in Sources */,
				398D7094148733CD009D1446 /* ioapi.c in Sources */,
				398D7095148733CD009D1446 /* mztools.c in Sources */,
				398D7096148733CD009D1446 /* unzip.c in Sources */,
				398D7097148733CD009D1446 /* zip.c in Sources */,
				398D7098148733CD009D1446 /* ZipArchive.mm in Sources */,
				398D709C1487465D009D1446 /* Base64.m in Sources */,
				571C848E148826A000C97DAC /* LoginViewController.m in Sources */,
			);
			runOnlyForDeploymentPostprocessing = 0;
		};
/* End PBXSourcesBuildPhase section */

/* Begin PBXVariantGroup section */
		398D704C1486EBCF009D1446 /* InfoPlist.strings */ = {
			isa = PBXVariantGroup;
			children = (
				398D704D1486EBCF009D1446 /* en */,
			);
			name = InfoPlist.strings;
			sourceTree = "<group>";
		};
		398D70551486EBCF009D1446 /* MainStoryboard.storyboard */ = {
			isa = PBXVariantGroup;
			children = (
				398D70561486EBCF009D1446 /* en */,
			);
			name = MainStoryboard.storyboard;
			sourceTree = "<group>";
		};
/* End PBXVariantGroup section */

/* Begin XCBuildConfiguration section */
		398D705E1486EBCF009D1446 /* Debug */ = {
			isa = XCBuildConfiguration;
			buildSettings = {
				ALWAYS_SEARCH_USER_PATHS = NO;
				ARCHS = "$(ARCHS_STANDARD_32_BIT)";
				CLANG_ENABLE_OBJC_ARC = YES;
				"CODE_SIGN_IDENTITY[sdk=iphoneos*]" = "iPhone Developer";
				COPY_PHASE_STRIP = NO;
				GCC_C_LANGUAGE_STANDARD = gnu99;
				GCC_DYNAMIC_NO_PIC = NO;
				GCC_OPTIMIZATION_LEVEL = 0;
				GCC_PREPROCESSOR_DEFINITIONS = (
					"DEBUG=1",
					"$(inherited)",
				);
				GCC_SYMBOLS_PRIVATE_EXTERN = NO;
				GCC_VERSION = com.apple.compilers.llvm.clang.1_0;
				GCC_WARN_ABOUT_MISSING_PROTOTYPES = YES;
				GCC_WARN_ABOUT_RETURN_TYPE = YES;
				GCC_WARN_UNUSED_VARIABLE = YES;
				IPHONEOS_DEPLOYMENT_TARGET = 5.0;
				SDKROOT = iphoneos;
				TARGETED_DEVICE_FAMILY = 2;
			};
			name = Debug;
		};
		398D705F1486EBCF009D1446 /* Release */ = {
			isa = XCBuildConfiguration;
			buildSettings = {
				ALWAYS_SEARCH_USER_PATHS = NO;
				ARCHS = "$(ARCHS_STANDARD_32_BIT)";
				CLANG_ENABLE_OBJC_ARC = YES;
				"CODE_SIGN_IDENTITY[sdk=iphoneos*]" = "iPhone Developer";
				COPY_PHASE_STRIP = YES;
				GCC_C_LANGUAGE_STANDARD = gnu99;
				GCC_VERSION = com.apple.compilers.llvm.clang.1_0;
				GCC_WARN_ABOUT_MISSING_PROTOTYPES = YES;
				GCC_WARN_ABOUT_RETURN_TYPE = YES;
				GCC_WARN_UNUSED_VARIABLE = YES;
				IPHONEOS_DEPLOYMENT_TARGET = 5.0;
				OTHER_CFLAGS = "-DNS_BLOCK_ASSERTIONS=1";
				SDKROOT = iphoneos;
				TARGETED_DEVICE_FAMILY = 2;
				VALIDATE_PRODUCT = YES;
			};
			name = Release;
		};
		398D70611486EBCF009D1446 /* Debug */ = {
			isa = XCBuildConfiguration;
			buildSettings = {
				GCC_PRECOMPILE_PREFIX_HEADER = YES;
				GCC_PREFIX_HEADER = "Get_Post/Get_Post-Prefix.pch";
				INFOPLIST_FILE = "Get_Post/Get_Post-Info.plist";
				PRODUCT_NAME = "$(TARGET_NAME)";
				WRAPPER_EXTENSION = app;
			};
			name = Debug;
		};
		398D70621486EBCF009D1446 /* Release */ = {
			isa = XCBuildConfiguration;
			buildSettings = {
				GCC_PRECOMPILE_PREFIX_HEADER = YES;
				GCC_PREFIX_HEADER = "Get_Post/Get_Post-Prefix.pch";
				INFOPLIST_FILE = "Get_Post/Get_Post-Info.plist";
				PRODUCT_NAME = "$(TARGET_NAME)";
				WRAPPER_EXTENSION = app;
			};
			name = Release;
		};
/* End XCBuildConfiguration section */

/* Begin XCConfigurationList section */
		398D70391486EBCF009D1446 /* Build configuration list for PBXProject "Get_Post" */ = {
			isa = XCConfigurationList;
			buildConfigurations = (
				398D705E1486EBCF009D1446 /* Debug */,
				398D705F1486EBCF009D1446 /* Release */,
			);
			defaultConfigurationIsVisible = 0;
			defaultConfigurationName = Release;
		};
		398D70601486EBCF009D1446 /* Build configuration list for PBXNativeTarget "Get_Post" */ = {
			isa = XCConfigurationList;
			buildConfigurations = (
				398D70611486EBCF009D1446 /* Debug */,
				398D70621486EBCF009D1446 /* Release */,
			);
			defaultConfigurationIsVisible = 0;
			defaultConfigurationName = Release;
		};
/* End XCConfigurationList section */
	};
	rootObject = 398D70361486EBCF009D1446 /* Project object */;
}
