// !$*UTF8*$!
{
	archiveVersion = 1;
	classes = {
	};
	objectVersion = 46;
	objects = {

/* Begin PBXBuildFile section */
		398D70441486EBCF009D1446 /* UIKit.framework in Frameworks */ = {isa = PBXBuildFile; fileRef = 398D70431486EBCF009D1446 /* UIKit.framework */; };
		398D70461486EBCF009D1446 /* Foundation.framework in Frameworks */ = {isa = PBXBuildFile; fileRef = 398D70451486EBCF009D1446 /* Foundation.framework */; };
		398D70481486EBCF009D1446 /* CoreGraphics.framework in Frameworks */ = {isa = PBXBuildFile; fileRef = 398D70471486EBCF009D1446 /* CoreGraphics.framework */; };
		398D704E1486EBCF009D1446 /* InfoPlist.strings in Resources */ = {isa = PBXBuildFile; fileRef = 398D704C1486EBCF009D1446 /* InfoPlist.strings */; };
		398D70501486EBCF009D1446 /* main.m in Sources */ = {isa = PBXBuildFile; fileRef = 398D704F1486EBCF009D1446 /* main.m */; };
		398D70541486EBCF009D1446 /* GPAppDelegate.m in Sources */ = {isa = PBXBuildFile; fileRef = 398D70531486EBCF009D1446 /* GPAppDelegate.m */; };
		398D70571486EBCF009D1446 /* MainStoryboard.storyboard in Resources */ = {isa = PBXBuildFile; fileRef = 398D70551486EBCF009D1446 /* MainStoryboard.storyboard */; };
		398D705A1486EBCF009D1446 /* GPMasterViewController.m in Sources */ = {isa = PBXBuildFile; fileRef = 398D70591486EBCF009D1446 /* GPMasterViewController.m */; };
		398D705D1486EBCF009D1446 /* GPDetailViewController.m in Sources */ = {isa = PBXBuildFile; fileRef = 398D705C1486EBCF009D1446 /* GPDetailViewController.m */; };
		398D708614873224009D1446 /* libz.1.1.3.dylib in Frameworks */ = {isa = PBXBuildFile; fileRef = 398D708514873224009D1446 /* libz.1.1.3.dylib */; };
		398D7094148733CD009D1446 /* ioapi.c in Sources */ = {isa = PBXBuildFile; fileRef = 398D708A148733CD009D1446 /* ioapi.c */; };
		398D7095148733CD009D1446 /* mztools.c in Sources */ = {isa = PBXBuildFile; fileRef = 398D708C148733CD009D1446 /* mztools.c */; };
		398D7096148733CD009D1446 /* unzip.c in Sources */ = {isa = PBXBuildFile; fileRef = 398D708E148733CD009D1446 /* unzip.c */; };
		398D7097148733CD009D1446 /* zip.c in Sources */ = {isa = PBXBuildFile; fileRef = 398D7090148733CD009D1446 /* zip.c */; };
		398D7098148733CD009D1446 /* ZipArchive.mm in Sources */ = {isa = PBXBuildFile; fileRef = 398D7093148733CD009D1446 /* ZipArchive.mm */; };
		398D709C1487465D009D1446 /* Base64.m in Sources */ = {isa = PBXBuildFile; fileRef = 398D709B1487465D009D1446 /* Base64.m */; };
		39B211AC14885F370049E014 /* infoBack.png in Resources */ = {isa = PBXBuildFile; fileRef = 39B211AB14885F370049E014 /* infoBack.png */; };
		39B211B414885F870049E014 /* 200px-GitHub.png in Resources */ = {isa = PBXBuildFile; fileRef = 39B211B214885F870049E014 /* 200px-GitHub.png */; };
		39B211B514885F870049E014 /* github-logo.png in Resources */ = {isa = PBXBuildFile; fileRef = 39B211B314885F870049E014 /* github-logo.png */; };
		39B211BC14887E730049E014 /* UserInfoViewController.m in Sources */ = {isa = PBXBuildFile; fileRef = 39B211BB14887E730049E014 /* UserInfoViewController.m */; };
		39B211BF148899DC0049E014 /* arrow2.png in Resources */ = {isa = PBXBuildFile; fileRef = 39B211BD148899DC0049E014 /* arrow2.png */; };
		39B211C0148899DC0049E014 /* arrow.png in Resources */ = {isa = PBXBuildFile; fileRef = 39B211BE148899DC0049E014 /* arrow.png */; };
		39B21213148B16340049E014 /* CommitCell.m in Sources */ = {isa = PBXBuildFile; fileRef = 39B21212148B16340049E014 /* CommitCell.m */; };
		39B21217148B16BE0049E014 /* CommitsViewController.m in Sources */ = {isa = PBXBuildFile; fileRef = 39B21216148B16BE0049E014 /* CommitsViewController.m */; };
		39B2121A148B1F710049E014 /* FilesViewController.m in Sources */ = {isa = PBXBuildFile; fileRef = 39B21219148B1F710049E014 /* FilesViewController.m */; };
		39B21220148B26CF0049E014 /* folder.png in Resources */ = {isa = PBXBuildFile; fileRef = 39B2121F148B26CF0049E014 /* folder.png */; };
		39B21223148B35E50049E014 /* ISO8601DateFormatter.m in Sources */ = {isa = PBXBuildFile; fileRef = 39B21222148B35E50049E014 /* ISO8601DateFormatter.m */; };
		39B21225148B435A0049E014 /* pat.png in Resources */ = {isa = PBXBuildFile; fileRef = 39B21224148B435A0049E014 /* pat.png */; };
		39B212A6148C421A0049E014 /* githubHeader.png in Resources */ = {isa = PBXBuildFile; fileRef = 39B212A5148C421A0049E014 /* githubHeader.png */; };
		39B212AB148C593A0049E014 /* blackboardBack.png in Resources */ = {isa = PBXBuildFile; fileRef = 39B212AA148C593A0049E014 /* blackboardBack.png */; };
		39B212AD148C5BDD0049E014 /* Polaroid_Frame.png in Resources */ = {isa = PBXBuildFile; fileRef = 39B212AC148C5BDC0049E014 /* Polaroid_Frame.png */; };
		39B212AF148C5E4B0049E014 /* polaroid2.png in Resources */ = {isa = PBXBuildFile; fileRef = 39B212AE148C5E4B0049E014 /* polaroid2.png */; };
		39B212BD148D57140049E014 /* box1.png in Resources */ = {isa = PBXBuildFile; fileRef = 39B212BC148D57140049E014 /* box1.png */; };
		39B212C0148D60C50049E014 /* pencil.png in Resources */ = {isa = PBXBuildFile; fileRef = 39B212BF148D60C50049E014 /* pencil.png */; };
		39B212D6148D63FE0049E014 /* lang-apollo.js in Resources */ = {isa = PBXBuildFile; fileRef = 39B212C2148D63FE0049E014 /* lang-apollo.js */; };
		39B212D7148D63FE0049E014 /* lang-clj.js in Resources */ = {isa = PBXBuildFile; fileRef = 39B212C3148D63FE0049E014 /* lang-clj.js */; };
		39B212D8148D63FE0049E014 /* lang-css.js in Resources */ = {isa = PBXBuildFile; fileRef = 39B212C4148D63FE0049E014 /* lang-css.js */; };
		39B212D9148D63FE0049E014 /* lang-go.js in Resources */ = {isa = PBXBuildFile; fileRef = 39B212C5148D63FE0049E014 /* lang-go.js */; };
		39B212DA148D63FE0049E014 /* lang-hs.js in Resources */ = {isa = PBXBuildFile; fileRef = 39B212C6148D63FE0049E014 /* lang-hs.js */; };
		39B212DB148D63FE0049E014 /* lang-lisp.js in Resources */ = {isa = PBXBuildFile; fileRef = 39B212C7148D63FE0049E014 /* lang-lisp.js */; };
		39B212DC148D63FE0049E014 /* lang-lua.js in Resources */ = {isa = PBXBuildFile; fileRef = 39B212C8148D63FE0049E014 /* lang-lua.js */; };
		39B212DD148D63FE0049E014 /* lang-ml.js in Resources */ = {isa = PBXBuildFile; fileRef = 39B212C9148D63FE0049E014 /* lang-ml.js */; };
		39B212DE148D63FE0049E014 /* lang-n.js in Resources */ = {isa = PBXBuildFile; fileRef = 39B212CA148D63FE0049E014 /* lang-n.js */; };
		39B212DF148D63FE0049E014 /* lang-proto.js in Resources */ = {isa = PBXBuildFile; fileRef = 39B212CB148D63FE0049E014 /* lang-proto.js */; };
		39B212E0148D63FE0049E014 /* lang-scala.js in Resources */ = {isa = PBXBuildFile; fileRef = 39B212CC148D63FE0049E014 /* lang-scala.js */; };
		39B212E1148D63FE0049E014 /* lang-sql.js in Resources */ = {isa = PBXBuildFile; fileRef = 39B212CD148D63FE0049E014 /* lang-sql.js */; };
		39B212E2148D63FE0049E014 /* lang-tex.js in Resources */ = {isa = PBXBuildFile; fileRef = 39B212CE148D63FE0049E014 /* lang-tex.js */; };
		39B212E3148D63FE0049E014 /* lang-vb.js in Resources */ = {isa = PBXBuildFile; fileRef = 39B212CF148D63FE0049E014 /* lang-vb.js */; };
		39B212E4148D63FE0049E014 /* lang-vhdl.js in Resources */ = {isa = PBXBuildFile; fileRef = 39B212D0148D63FE0049E014 /* lang-vhdl.js */; };
		39B212E5148D63FE0049E014 /* lang-wiki.js in Resources */ = {isa = PBXBuildFile; fileRef = 39B212D1148D63FE0049E014 /* lang-wiki.js */; };
		39B212E6148D63FE0049E014 /* lang-xq.js in Resources */ = {isa = PBXBuildFile; fileRef = 39B212D2148D63FE0049E014 /* lang-xq.js */; };
		39B212E7148D63FE0049E014 /* lang-yaml.js in Resources */ = {isa = PBXBuildFile; fileRef = 39B212D3148D63FE0049E014 /* lang-yaml.js */; };
		39B212E8148D63FE0049E014 /* prettify.css in Resources */ = {isa = PBXBuildFile; fileRef = 39B212D4148D63FE0049E014 /* prettify.css */; };
		39B212E9148D63FE0049E014 /* prettify.js in Resources */ = {isa = PBXBuildFile; fileRef = 39B212D5148D63FE0049E014 /* prettify.js */; };
		39B212EB148D67210049E014 /* blueprint.png in Resources */ = {isa = PBXBuildFile; fileRef = 39B212EA148D67210049E014 /* blueprint.png */; };
		39B212F2148D67DF0049E014 /* HTMLViewController.m in Sources */ = {isa = PBXBuildFile; fileRef = 39B212F1148D67DF0049E014 /* HTMLViewController.m */; };
		39B212F4148D68520049E014 /* QuartzCore.framework in Frameworks */ = {isa = PBXBuildFile; fileRef = 39B212F3148D68520049E014 /* QuartzCore.framework */; };
		39B21329148EFA9D0049E014 /* fileType.png in Resources */ = {isa = PBXBuildFile; fileRef = 39B21325148EFA9D0049E014 /* fileType.png */; };
		39B2132A148EFA9D0049E014 /* email.png in Resources */ = {isa = PBXBuildFile; fileRef = 39B21326148EFA9D0049E014 /* email.png */; };
		39B2132B148EFA9D0049E014 /* followers.png in Resources */ = {isa = PBXBuildFile; fileRef = 39B21327148EFA9D0049E014 /* followers.png */; };
		39B2132C148EFA9D0049E014 /* following.png in Resources */ = {isa = PBXBuildFile; fileRef = 39B21328148EFA9D0049E014 /* following.png */; };
		39B2132F148F03DC0049E014 /* 32.png in Resources */ = {isa = PBXBuildFile; fileRef = 39B2132E148F03DC0049E014 /* 32.png */; };
		39B21331148F04A40049E014 /* locate.png in Resources */ = {isa = PBXBuildFile; fileRef = 39B21330148F04A40049E014 /* locate.png */; };
		39B21333148F06270049E014 /* gitLocate.png in Resources */ = {isa = PBXBuildFile; fileRef = 39B21332148F06260049E014 /* gitLocate.png */; };
		39B21335148F072A0049E014 /* loc.png in Resources */ = {isa = PBXBuildFile; fileRef = 39B21334148F072A0049E014 /* loc.png */; };
		39B21337148F08930049E014 /* briefcase_64px.png in Resources */ = {isa = PBXBuildFile; fileRef = 39B21336148F08930049E014 /* briefcase_64px.png */; };
		571C847E14880E8900C97DAC /* icon.png in Resources */ = {isa = PBXBuildFile; fileRef = 571C847D14880E8900C97DAC /* icon.png */; };
		571C84831488182800C97DAC /* checkmark.png in Resources */ = {isa = PBXBuildFile; fileRef = 571C84801488182800C97DAC /* checkmark.png */; };
		571C84851488182800C97DAC /* login2.png in Resources */ = {isa = PBXBuildFile; fileRef = 571C84821488182800C97DAC /* login2.png */; };
		571C848B148825B200C97DAC /* login.png in Resources */ = {isa = PBXBuildFile; fileRef = 571C848A148825B200C97DAC /* login.png */; };
		571C848E148826A000C97DAC /* LoginViewController.m in Sources */ = {isa = PBXBuildFile; fileRef = 571C848D148826A000C97DAC /* LoginViewController.m */; };
		575C0B68148EC06100108833 /* seperator.png in Resources */ = {isa = PBXBuildFile; fileRef = 575C0B64148EC06100108833 /* seperator.png */; };
		575C0B69148EC06100108833 /* footer.png in Resources */ = {isa = PBXBuildFile; fileRef = 575C0B65148EC06100108833 /* footer.png */; };
		575C0B6A148EC06100108833 /* subtlePat1.png in Resources */ = {isa = PBXBuildFile; fileRef = 575C0B66148EC06100108833 /* subtlePat1.png */; };
		575C0B6B148EC06100108833 /* subtlePat2.png in Resources */ = {isa = PBXBuildFile; fileRef = 575C0B67148EC06100108833 /* subtlePat2.png */; };
		575C0B6F148EC26F00108833 /* FileCell.m in Sources */ = {isa = PBXBuildFile; fileRef = 575C0B6E148EC26F00108833 /* FileCell.m */; };
/* End PBXBuildFile section */

/* Begin PBXFileReference section */
		398D703F1486EBCF009D1446 /* Get_Post.app */ = {isa = PBXFileReference; explicitFileType = wrapper.application; includeInIndex = 0; path = Get_Post.app; sourceTree = BUILT_PRODUCTS_DIR; };
		398D70431486EBCF009D1446 /* UIKit.framework */ = {isa = PBXFileReference; lastKnownFileType = wrapper.framework; name = UIKit.framework; path = System/Library/Frameworks/UIKit.framework; sourceTree = SDKROOT; };
		398D70451486EBCF009D1446 /* Foundation.framework */ = {isa = PBXFileReference; lastKnownFileType = wrapper.framework; name = Foundation.framework; path = System/Library/Frameworks/Foundation.framework; sourceTree = SDKROOT; };
		398D70471486EBCF009D1446 /* CoreGraphics.framework */ = {isa = PBXFileReference; lastKnownFileType = wrapper.framework; name = CoreGraphics.framework; path = System/Library/Frameworks/CoreGraphics.framework; sourceTree = SDKROOT; };
		398D704B1486EBCF009D1446 /* Get_Post-Info.plist */ = {isa = PBXFileReference; lastKnownFileType = text.plist.xml; path = "Get_Post-Info.plist"; sourceTree = "<group>"; };
		398D704D1486EBCF009D1446 /* en */ = {isa = PBXFileReference; lastKnownFileType = text.plist.strings; name = en; path = en.lproj/InfoPlist.strings; sourceTree = "<group>"; };
		398D704F1486EBCF009D1446 /* main.m */ = {isa = PBXFileReference; lastKnownFileType = sourcecode.c.objc; path = main.m; sourceTree = "<group>"; };
		398D70511486EBCF009D1446 /* Get_Post-Prefix.pch */ = {isa = PBXFileReference; lastKnownFileType = sourcecode.c.h; path = "Get_Post-Prefix.pch"; sourceTree = "<group>"; };
		398D70521486EBCF009D1446 /* GPAppDelegate.h */ = {isa = PBXFileReference; lastKnownFileType = sourcecode.c.h; path = GPAppDelegate.h; sourceTree = "<group>"; };
		398D70531486EBCF009D1446 /* GPAppDelegate.m */ = {isa = PBXFileReference; lastKnownFileType = sourcecode.c.objc; path = GPAppDelegate.m; sourceTree = "<group>"; };
		398D70561486EBCF009D1446 /* en */ = {isa = PBXFileReference; lastKnownFileType = file.storyboard; name = en; path = en.lproj/MainStoryboard.storyboard; sourceTree = "<group>"; };
		398D70581486EBCF009D1446 /* GPMasterViewController.h */ = {isa = PBXFileReference; lastKnownFileType = sourcecode.c.h; path = GPMasterViewController.h; sourceTree = "<group>"; };
		398D70591486EBCF009D1446 /* GPMasterViewController.m */ = {isa = PBXFileReference; lastKnownFileType = sourcecode.c.objc; path = GPMasterViewController.m; sourceTree = "<group>"; };
		398D705B1486EBCF009D1446 /* GPDetailViewController.h */ = {isa = PBXFileReference; lastKnownFileType = sourcecode.c.h; path = GPDetailViewController.h; sourceTree = "<group>"; };
		398D705C1486EBCF009D1446 /* GPDetailViewController.m */ = {isa = PBXFileReference; lastKnownFileType = sourcecode.c.objc; path = GPDetailViewController.m; sourceTree = "<group>"; };
		398D708514873224009D1446 /* libz.1.1.3.dylib */ = {isa = PBXFileReference; lastKnownFileType = "compiled.mach-o.dylib"; name = libz.1.1.3.dylib; path = usr/lib/libz.1.1.3.dylib; sourceTree = SDKROOT; };
		398D7089148733CD009D1446 /* crypt.h */ = {isa = PBXFileReference; fileEncoding = 4; lastKnownFileType = sourcecode.c.h; path = crypt.h; sourceTree = "<group>"; };
		398D708A148733CD009D1446 /* ioapi.c */ = {isa = PBXFileReference; fileEncoding = 4; lastKnownFileType = sourcecode.c.c; path = ioapi.c; sourceTree = "<group>"; };
		398D708B148733CD009D1446 /* ioapi.h */ = {isa = PBXFileReference; fileEncoding = 4; lastKnownFileType = sourcecode.c.h; path = ioapi.h; sourceTree = "<group>"; };
		398D708C148733CD009D1446 /* mztools.c */ = {isa = PBXFileReference; fileEncoding = 4; lastKnownFileType = sourcecode.c.c; path = mztools.c; sourceTree = "<group>"; };
		398D708D148733CD009D1446 /* mztools.h */ = {isa = PBXFileReference; fileEncoding = 4; lastKnownFileType = sourcecode.c.h; path = mztools.h; sourceTree = "<group>"; };
		398D708E148733CD009D1446 /* unzip.c */ = {isa = PBXFileReference; fileEncoding = 4; lastKnownFileType = sourcecode.c.c; path = unzip.c; sourceTree = "<group>"; };
		398D708F148733CD009D1446 /* unzip.h */ = {isa = PBXFileReference; fileEncoding = 4; lastKnownFileType = sourcecode.c.h; path = unzip.h; sourceTree = "<group>"; };
		398D7090148733CD009D1446 /* zip.c */ = {isa = PBXFileReference; fileEncoding = 4; lastKnownFileType = sourcecode.c.c; path = zip.c; sourceTree = "<group>"; };
		398D7091148733CD009D1446 /* zip.h */ = {isa = PBXFileReference; fileEncoding = 4; lastKnownFileType = sourcecode.c.h; path = zip.h; sourceTree = "<group>"; };
		398D7092148733CD009D1446 /* ZipArchive.h */ = {isa = PBXFileReference; fileEncoding = 4; lastKnownFileType = sourcecode.c.h; path = ZipArchive.h; sourceTree = "<group>"; };
		398D7093148733CD009D1446 /* ZipArchive.mm */ = {isa = PBXFileReference; fileEncoding = 4; lastKnownFileType = sourcecode.cpp.objcpp; path = ZipArchive.mm; sourceTree = "<group>"; };
		398D709A1487465D009D1446 /* Base64.h */ = {isa = PBXFileReference; fileEncoding = 4; lastKnownFileType = sourcecode.c.h; path = Base64.h; sourceTree = "<group>"; };
		398D709B1487465D009D1446 /* Base64.m */ = {isa = PBXFileReference; fileEncoding = 4; lastKnownFileType = sourcecode.c.objc; path = Base64.m; sourceTree = "<group>"; };
		39B211AB14885F370049E014 /* infoBack.png */ = {isa = PBXFileReference; lastKnownFileType = image.png; path = infoBack.png; sourceTree = "<group>"; };
		39B211B214885F870049E014 /* 200px-GitHub.png */ = {isa = PBXFileReference; lastKnownFileType = image.png; path = "200px-GitHub.png"; sourceTree = "<group>"; };
		39B211B314885F870049E014 /* github-logo.png */ = {isa = PBXFileReference; lastKnownFileType = image.png; path = "github-logo.png"; sourceTree = "<group>"; };
		39B211BA14887E730049E014 /* UserInfoViewController.h */ = {isa = PBXFileReference; fileEncoding = 4; lastKnownFileType = sourcecode.c.h; path = UserInfoViewController.h; sourceTree = "<group>"; };
		39B211BB14887E730049E014 /* UserInfoViewController.m */ = {isa = PBXFileReference; fileEncoding = 4; lastKnownFileType = sourcecode.c.objc; path = UserInfoViewController.m; sourceTree = "<group>"; };
		39B211BD148899DC0049E014 /* arrow2.png */ = {isa = PBXFileReference; lastKnownFileType = image.png; path = arrow2.png; sourceTree = "<group>"; };
		39B211BE148899DC0049E014 /* arrow.png */ = {isa = PBXFileReference; lastKnownFileType = image.png; path = arrow.png; sourceTree = "<group>"; };
		39B21211148B16340049E014 /* CommitCell.h */ = {isa = PBXFileReference; fileEncoding = 4; lastKnownFileType = sourcecode.c.h; path = CommitCell.h; sourceTree = "<group>"; };
		39B21212148B16340049E014 /* CommitCell.m */ = {isa = PBXFileReference; fileEncoding = 4; lastKnownFileType = sourcecode.c.objc; path = CommitCell.m; sourceTree = "<group>"; };
		39B21215148B16BE0049E014 /* CommitsViewController.h */ = {isa = PBXFileReference; fileEncoding = 4; lastKnownFileType = sourcecode.c.h; path = CommitsViewController.h; sourceTree = "<group>"; };
		39B21216148B16BE0049E014 /* CommitsViewController.m */ = {isa = PBXFileReference; fileEncoding = 4; lastKnownFileType = sourcecode.c.objc; path = CommitsViewController.m; sourceTree = "<group>"; };
		39B21218148B1F710049E014 /* FilesViewController.h */ = {isa = PBXFileReference; fileEncoding = 4; lastKnownFileType = sourcecode.c.h; path = FilesViewController.h; sourceTree = "<group>"; };
		39B21219148B1F710049E014 /* FilesViewController.m */ = {isa = PBXFileReference; fileEncoding = 4; lastKnownFileType = sourcecode.c.objc; path = FilesViewController.m; sourceTree = "<group>"; };
		39B2121F148B26CF0049E014 /* folder.png */ = {isa = PBXFileReference; lastKnownFileType = image.png; path = folder.png; sourceTree = "<group>"; };
		39B21221148B35E50049E014 /* ISO8601DateFormatter.h */ = {isa = PBXFileReference; fileEncoding = 4; lastKnownFileType = sourcecode.c.h; path = ISO8601DateFormatter.h; sourceTree = "<group>"; };
		39B21222148B35E50049E014 /* ISO8601DateFormatter.m */ = {isa = PBXFileReference; fileEncoding = 4; lastKnownFileType = sourcecode.c.objc; path = ISO8601DateFormatter.m; sourceTree = "<group>"; };
		39B21224148B435A0049E014 /* pat.png */ = {isa = PBXFileReference; lastKnownFileType = image.png; path = pat.png; sourceTree = "<group>"; };
		39B212A5148C421A0049E014 /* githubHeader.png */ = {isa = PBXFileReference; lastKnownFileType = image.png; path = githubHeader.png; sourceTree = "<group>"; };
		39B212AA148C593A0049E014 /* blackboardBack.png */ = {isa = PBXFileReference; lastKnownFileType = image.png; path = blackboardBack.png; sourceTree = "<group>"; };
		39B212AC148C5BDC0049E014 /* Polaroid_Frame.png */ = {isa = PBXFileReference; lastKnownFileType = image.png; path = Polaroid_Frame.png; sourceTree = "<group>"; };
		39B212AE148C5E4B0049E014 /* polaroid2.png */ = {isa = PBXFileReference; lastKnownFileType = image.png; path = polaroid2.png; sourceTree = "<group>"; };
		39B212BC148D57140049E014 /* box1.png */ = {isa = PBXFileReference; lastKnownFileType = image.png; path = box1.png; sourceTree = "<group>"; };
		39B212BF148D60C50049E014 /* pencil.png */ = {isa = PBXFileReference; lastKnownFileType = image.png; path = pencil.png; sourceTree = "<group>"; };
		39B212C2148D63FE0049E014 /* lang-apollo.js */ = {isa = PBXFileReference; fileEncoding = 4; lastKnownFileType = sourcecode.javascript; path = "lang-apollo.js"; sourceTree = "<group>"; };
		39B212C3148D63FE0049E014 /* lang-clj.js */ = {isa = PBXFileReference; fileEncoding = 4; lastKnownFileType = sourcecode.javascript; path = "lang-clj.js"; sourceTree = "<group>"; };
		39B212C4148D63FE0049E014 /* lang-css.js */ = {isa = PBXFileReference; fileEncoding = 4; lastKnownFileType = sourcecode.javascript; path = "lang-css.js"; sourceTree = "<group>"; };
		39B212C5148D63FE0049E014 /* lang-go.js */ = {isa = PBXFileReference; fileEncoding = 4; lastKnownFileType = sourcecode.javascript; path = "lang-go.js"; sourceTree = "<group>"; };
		39B212C6148D63FE0049E014 /* lang-hs.js */ = {isa = PBXFileReference; fileEncoding = 4; lastKnownFileType = sourcecode.javascript; path = "lang-hs.js"; sourceTree = "<group>"; };
		39B212C7148D63FE0049E014 /* lang-lisp.js */ = {isa = PBXFileReference; fileEncoding = 4; lastKnownFileType = sourcecode.javascript; path = "lang-lisp.js"; sourceTree = "<group>"; };
		39B212C8148D63FE0049E014 /* lang-lua.js */ = {isa = PBXFileReference; fileEncoding = 4; lastKnownFileType = sourcecode.javascript; path = "lang-lua.js"; sourceTree = "<group>"; };
		39B212C9148D63FE0049E014 /* lang-ml.js */ = {isa = PBXFileReference; fileEncoding = 4; lastKnownFileType = sourcecode.javascript; path = "lang-ml.js"; sourceTree = "<group>"; };
		39B212CA148D63FE0049E014 /* lang-n.js */ = {isa = PBXFileReference; fileEncoding = 4; lastKnownFileType = sourcecode.javascript; path = "lang-n.js"; sourceTree = "<group>"; };
		39B212CB148D63FE0049E014 /* lang-proto.js */ = {isa = PBXFileReference; fileEncoding = 4; lastKnownFileType = sourcecode.javascript; path = "lang-proto.js"; sourceTree = "<group>"; };
		39B212CC148D63FE0049E014 /* lang-scala.js */ = {isa = PBXFileReference; fileEncoding = 4; lastKnownFileType = sourcecode.javascript; path = "lang-scala.js"; sourceTree = "<group>"; };
		39B212CD148D63FE0049E014 /* lang-sql.js */ = {isa = PBXFileReference; fileEncoding = 4; lastKnownFileType = sourcecode.javascript; path = "lang-sql.js"; sourceTree = "<group>"; };
		39B212CE148D63FE0049E014 /* lang-tex.js */ = {isa = PBXFileReference; fileEncoding = 4; lastKnownFileType = sourcecode.javascript; path = "lang-tex.js"; sourceTree = "<group>"; };
		39B212CF148D63FE0049E014 /* lang-vb.js */ = {isa = PBXFileReference; fileEncoding = 4; lastKnownFileType = sourcecode.javascript; path = "lang-vb.js"; sourceTree = "<group>"; };
		39B212D0148D63FE0049E014 /* lang-vhdl.js */ = {isa = PBXFileReference; fileEncoding = 4; lastKnownFileType = sourcecode.javascript; path = "lang-vhdl.js"; sourceTree = "<group>"; };
		39B212D1148D63FE0049E014 /* lang-wiki.js */ = {isa = PBXFileReference; fileEncoding = 4; lastKnownFileType = sourcecode.javascript; path = "lang-wiki.js"; sourceTree = "<group>"; };
		39B212D2148D63FE0049E014 /* lang-xq.js */ = {isa = PBXFileReference; fileEncoding = 4; lastKnownFileType = sourcecode.javascript; path = "lang-xq.js"; sourceTree = "<group>"; };
		39B212D3148D63FE0049E014 /* lang-yaml.js */ = {isa = PBXFileReference; fileEncoding = 4; lastKnownFileType = sourcecode.javascript; path = "lang-yaml.js"; sourceTree = "<group>"; };
		39B212D4148D63FE0049E014 /* prettify.css */ = {isa = PBXFileReference; fileEncoding = 4; lastKnownFileType = text.css; path = prettify.css; sourceTree = "<group>"; };
		39B212D5148D63FE0049E014 /* prettify.js */ = {isa = PBXFileReference; fileEncoding = 4; lastKnownFileType = sourcecode.javascript; path = prettify.js; sourceTree = "<group>"; };
		39B212EA148D67210049E014 /* blueprint.png */ = {isa = PBXFileReference; lastKnownFileType = image.png; path = blueprint.png; sourceTree = "<group>"; };
		39B212F0148D67DF0049E014 /* HTMLViewController.h */ = {isa = PBXFileReference; fileEncoding = 4; lastKnownFileType = sourcecode.c.h; path = HTMLViewController.h; sourceTree = "<group>"; };
		39B212F1148D67DF0049E014 /* HTMLViewController.m */ = {isa = PBXFileReference; fileEncoding = 4; lastKnownFileType = sourcecode.c.objc; path = HTMLViewController.m; sourceTree = "<group>"; };
		39B212F3148D68520049E014 /* QuartzCore.framework */ = {isa = PBXFileReference; lastKnownFileType = wrapper.framework; name = QuartzCore.framework; path = System/Library/Frameworks/QuartzCore.framework; sourceTree = SDKROOT; };
		39B21325148EFA9D0049E014 /* fileType.png */ = {isa = PBXFileReference; lastKnownFileType = image.png; path = fileType.png; sourceTree = "<group>"; };
		39B21326148EFA9D0049E014 /* email.png */ = {isa = PBXFileReference; lastKnownFileType = image.png; path = email.png; sourceTree = "<group>"; };
		39B21327148EFA9D0049E014 /* followers.png */ = {isa = PBXFileReference; lastKnownFileType = image.png; path = followers.png; sourceTree = "<group>"; };
		39B21328148EFA9D0049E014 /* following.png */ = {isa = PBXFileReference; lastKnownFileType = image.png; path = following.png; sourceTree = "<group>"; };
		39B2132E148F03DC0049E014 /* 32.png */ = {isa = PBXFileReference; lastKnownFileType = image.png; path = 32.png; sourceTree = "<group>"; };
		39B21330148F04A40049E014 /* locate.png */ = {isa = PBXFileReference; lastKnownFileType = image.png; path = locate.png; sourceTree = "<group>"; };
		39B21332148F06260049E014 /* gitLocate.png */ = {isa = PBXFileReference; lastKnownFileType = image.png; path = gitLocate.png; sourceTree = "<group>"; };
		39B21334148F072A0049E014 /* loc.png */ = {isa = PBXFileReference; lastKnownFileType = image.png; path = loc.png; sourceTree = "<group>"; };
		39B21336148F08930049E014 /* briefcase_64px.png */ = {isa = PBXFileReference; lastKnownFileType = image.png; path = briefcase_64px.png; sourceTree = "<group>"; };
		571C847D14880E8900C97DAC /* icon.png */ = {isa = PBXFileReference; lastKnownFileType = image.png; path = icon.png; sourceTree = "<group>"; };
		571C84801488182800C97DAC /* checkmark.png */ = {isa = PBXFileReference; lastKnownFileType = image.png; path = checkmark.png; sourceTree = "<group>"; };
		571C84821488182800C97DAC /* login2.png */ = {isa = PBXFileReference; lastKnownFileType = image.png; path = login2.png; sourceTree = "<group>"; };
		571C848A148825B200C97DAC /* login.png */ = {isa = PBXFileReference; lastKnownFileType = image.png; path = login.png; sourceTree = "<group>"; };
		571C848C148826A000C97DAC /* LoginViewController.h */ = {isa = PBXFileReference; fileEncoding = 4; lastKnownFileType = sourcecode.c.h; path = LoginViewController.h; sourceTree = "<group>"; };
		571C848D148826A000C97DAC /* LoginViewController.m */ = {isa = PBXFileReference; fileEncoding = 4; lastKnownFileType = sourcecode.c.objc; path = LoginViewController.m; sourceTree = "<group>"; };
		575C0B64148EC06100108833 /* seperator.png */ = {isa = PBXFileReference; lastKnownFileType = image.png; path = seperator.png; sourceTree = "<group>"; };
		575C0B65148EC06100108833 /* footer.png */ = {isa = PBXFileReference; lastKnownFileType = image.png; path = footer.png; sourceTree = "<group>"; };
		575C0B66148EC06100108833 /* subtlePat1.png */ = {isa = PBXFileReference; lastKnownFileType = image.png; path = subtlePat1.png; sourceTree = "<group>"; };
		575C0B67148EC06100108833 /* subtlePat2.png */ = {isa = PBXFileReference; lastKnownFileType = image.png; path = subtlePat2.png; sourceTree = "<group>"; };
		575C0B6D148EC26E00108833 /* FileCell.h */ = {isa = PBXFileReference; fileEncoding = 4; lastKnownFileType = sourcecode.c.h; path = FileCell.h; sourceTree = "<group>"; };
		575C0B6E148EC26F00108833 /* FileCell.m */ = {isa = PBXFileReference; fileEncoding = 4; lastKnownFileType = sourcecode.c.objc; path = FileCell.m; sourceTree = "<group>"; };
/* End PBXFileReference section */

/* Begin PBXFrameworksBuildPhase section */
		398D703C1486EBCF009D1446 /* Frameworks */ = {
			isa = PBXFrameworksBuildPhase;
			buildActionMask = 2147483647;
			files = (
				39B212F4148D68520049E014 /* QuartzCore.framework in Frameworks */,
				398D708614873224009D1446 /* libz.1.1.3.dylib in Frameworks */,
				398D70441486EBCF009D1446 /* UIKit.framework in Frameworks */,
				398D70461486EBCF009D1446 /* Foundation.framework in Frameworks */,
				398D70481486EBCF009D1446 /* CoreGraphics.framework in Frameworks */,
			);
			runOnlyForDeploymentPostprocessing = 0;
		};
/* End PBXFrameworksBuildPhase section */

/* Begin PBXGroup section */
		398D70341486EBCF009D1446 = {
			isa = PBXGroup;
			children = (
				571C847D14880E8900C97DAC /* icon.png */,
				398D70491486EBCF009D1446 /* Get_Post */,
				398D70421486EBCF009D1446 /* Frameworks */,
				398D70401486EBCF009D1446 /* Products */,
			);
			sourceTree = "<group>";
		};
		398D70401486EBCF009D1446 /* Products */ = {
			isa = PBXGroup;
			children = (
				398D703F1486EBCF009D1446 /* Get_Post.app */,
			);
			name = Products;
			sourceTree = "<group>";
		};
		398D70421486EBCF009D1446 /* Frameworks */ = {
			isa = PBXGroup;
			children = (
				39B212F3148D68520049E014 /* QuartzCore.framework */,
				398D708514873224009D1446 /* libz.1.1.3.dylib */,
				398D70431486EBCF009D1446 /* UIKit.framework */,
				398D70451486EBCF009D1446 /* Foundation.framework */,
				398D70471486EBCF009D1446 /* CoreGraphics.framework */,
			);
			name = Frameworks;
			sourceTree = "<group>";
		};
		398D70491486EBCF009D1446 /* Get_Post */ = {
			isa = PBXGroup;
			children = (
				398D70521486EBCF009D1446 /* GPAppDelegate.h */,
				398D70531486EBCF009D1446 /* GPAppDelegate.m */,
				398D70551486EBCF009D1446 /* MainStoryboard.storyboard */,
				39B212F0148D67DF0049E014 /* HTMLViewController.h */,
				39B212F1148D67DF0049E014 /* HTMLViewController.m */,
				39B21218148B1F710049E014 /* FilesViewController.h */,
				39B21219148B1F710049E014 /* FilesViewController.m */,
				398D70581486EBCF009D1446 /* GPMasterViewController.h */,
				398D70591486EBCF009D1446 /* GPMasterViewController.m */,
				39B21215148B16BE0049E014 /* CommitsViewController.h */,
				39B21216148B16BE0049E014 /* CommitsViewController.m */,
				398D705B1486EBCF009D1446 /* GPDetailViewController.h */,
				398D705C1486EBCF009D1446 /* GPDetailViewController.m */,
				571C848C148826A000C97DAC /* LoginViewController.h */,
				571C848D148826A000C97DAC /* LoginViewController.m */,
				39B211BA14887E730049E014 /* UserInfoViewController.h */,
				39B211BB14887E730049E014 /* UserInfoViewController.m */,
				39B21211148B16340049E014 /* CommitCell.h */,
				39B21212148B16340049E014 /* CommitCell.m */,
				575C0B6D148EC26E00108833 /* FileCell.h */,
				575C0B6E148EC26F00108833 /* FileCell.m */,
				39B21221148B35E50049E014 /* ISO8601DateFormatter.h */,
				39B21222148B35E50049E014 /* ISO8601DateFormatter.m */,
				39B212C1148D63FE0049E014 /* google-code-prettify 2 */,
				398D70991487465D009D1446 /* base64 */,
				398D7087148733CD009D1446 /* ZipArchive */,
				398D704A1486EBCF009D1446 /* Supporting Files */,
			);
			path = Get_Post;
			sourceTree = "<group>";
		};
		398D704A1486EBCF009D1446 /* Supporting Files */ = {
			isa = PBXGroup;
			children = (
				39B21332148F06260049E014 /* gitLocate.png */,
				39B21336148F08930049E014 /* briefcase_64px.png */,
				39B21334148F072A0049E014 /* loc.png */,
				39B2132E148F03DC0049E014 /* 32.png */,
				39B21330148F04A40049E014 /* locate.png */,
				39B21325148EFA9D0049E014 /* fileType.png */,
				39B21326148EFA9D0049E014 /* email.png */,
				39B21327148EFA9D0049E014 /* followers.png */,
				39B21328148EFA9D0049E014 /* following.png */,
				575C0B64148EC06100108833 /* seperator.png */,
				575C0B65148EC06100108833 /* footer.png */,
				575C0B66148EC06100108833 /* subtlePat1.png */,
				575C0B67148EC06100108833 /* subtlePat2.png */,
				39B212EA148D67210049E014 /* blueprint.png */,
				39B212BC148D57140049E014 /* box1.png */,
				39B212BF148D60C50049E014 /* pencil.png */,
				39B21224148B435A0049E014 /* pat.png */,
				39B212AA148C593A0049E014 /* blackboardBack.png */,
				39B212AC148C5BDC0049E014 /* Polaroid_Frame.png */,
				39B212AE148C5E4B0049E014 /* polaroid2.png */,
				39B212A5148C421A0049E014 /* githubHeader.png */,
				39B2121F148B26CF0049E014 /* folder.png */,
				39B211BD148899DC0049E014 /* arrow2.png */,
				39B211BE148899DC0049E014 /* arrow.png */,
				39B211B214885F870049E014 /* 200px-GitHub.png */,
				39B211B314885F870049E014 /* github-logo.png */,
				39B211AB14885F370049E014 /* infoBack.png */,
				571C84801488182800C97DAC /* checkmark.png */,
				571C848A148825B200C97DAC /* login.png */,
				571C84821488182800C97DAC /* login2.png */,
				398D704B1486EBCF009D1446 /* Get_Post-Info.plist */,
				398D704C1486EBCF009D1446 /* InfoPlist.strings */,
				398D704F1486EBCF009D1446 /* main.m */,
				398D70511486EBCF009D1446 /* Get_Post-Prefix.pch */,
			);
			name = "Supporting Files";
			sourceTree = "<group>";
		};
		398D7087148733CD009D1446 /* ZipArchive */ = {
			isa = PBXGroup;
			children = (
				398D7088148733CD009D1446 /* minizip */,
				398D7092148733CD009D1446 /* ZipArchive.h */,
				398D7093148733CD009D1446 /* ZipArchive.mm */,
			);
			path = ZipArchive;
			sourceTree = "<group>";
		};
		398D7088148733CD009D1446 /* minizip */ = {
			isa = PBXGroup;
			children = (
				398D7089148733CD009D1446 /* crypt.h */,
				398D708A148733CD009D1446 /* ioapi.c */,
				398D708B148733CD009D1446 /* ioapi.h */,
				398D708C148733CD009D1446 /* mztools.c */,
				398D708D148733CD009D1446 /* mztools.h */,
				398D708E148733CD009D1446 /* unzip.c */,
				398D708F148733CD009D1446 /* unzip.h */,
				398D7090148733CD009D1446 /* zip.c */,
				398D7091148733CD009D1446 /* zip.h */,
			);
			path = minizip;
			sourceTree = "<group>";
		};
		398D70991487465D009D1446 /* base64 */ = {
			isa = PBXGroup;
			children = (
				398D709A1487465D009D1446 /* Base64.h */,
				398D709B1487465D009D1446 /* Base64.m */,
			);
			path = base64;
			sourceTree = "<group>";
		};
		39B212C1148D63FE0049E014 /* google-code-prettify 2 */ = {
			isa = PBXGroup;
			children = (
				39B212C2148D63FE0049E014 /* lang-apollo.js */,
				39B212C3148D63FE0049E014 /* lang-clj.js */,
				39B212C4148D63FE0049E014 /* lang-css.js */,
				39B212C5148D63FE0049E014 /* lang-go.js */,
				39B212C6148D63FE0049E014 /* lang-hs.js */,
				39B212C7148D63FE0049E014 /* lang-lisp.js */,
				39B212C8148D63FE0049E014 /* lang-lua.js */,
				39B212C9148D63FE0049E014 /* lang-ml.js */,
				39B212CA148D63FE0049E014 /* lang-n.js */,
				39B212CB148D63FE0049E014 /* lang-proto.js */,
				39B212CC148D63FE0049E014 /* lang-scala.js */,
				39B212CD148D63FE0049E014 /* lang-sql.js */,
				39B212CE148D63FE0049E014 /* lang-tex.js */,
				39B212CF148D63FE0049E014 /* lang-vb.js */,
				39B212D0148D63FE0049E014 /* lang-vhdl.js */,
				39B212D1148D63FE0049E014 /* lang-wiki.js */,
				39B212D2148D63FE0049E014 /* lang-xq.js */,
				39B212D3148D63FE0049E014 /* lang-yaml.js */,
				39B212D4148D63FE0049E014 /* prettify.css */,
				39B212D5148D63FE0049E014 /* prettify.js */,
			);
			path = "google-code-prettify 2";
			sourceTree = "<group>";
		};
/* End PBXGroup section */

/* Begin PBXNativeTarget section */
		398D703E1486EBCF009D1446 /* Get_Post */ = {
			isa = PBXNativeTarget;
			buildConfigurationList = 398D70601486EBCF009D1446 /* Build configuration list for PBXNativeTarget "Get_Post" */;
			buildPhases = (
				398D703B1486EBCF009D1446 /* Sources */,
				398D703C1486EBCF009D1446 /* Frameworks */,
				398D703D1486EBCF009D1446 /* Resources */,
			);
			buildRules = (
			);
			dependencies = (
			);
			name = Get_Post;
			productName = Get_Post;
			productReference = 398D703F1486EBCF009D1446 /* Get_Post.app */;
			productType = "com.apple.product-type.application";
		};
/* End PBXNativeTarget section */

/* Begin PBXProject section */
		398D70361486EBCF009D1446 /* Project object */ = {
			isa = PBXProject;
			attributes = {
				LastUpgradeCheck = 0420;
				ORGANIZATIONNAME = vaughn;
			};
			buildConfigurationList = 398D70391486EBCF009D1446 /* Build configuration list for PBXProject "Get_Post" */;
			compatibilityVersion = "Xcode 3.2";
			developmentRegion = English;
			hasScannedForEncodings = 0;
			knownRegions = (
				en,
			);
			mainGroup = 398D70341486EBCF009D1446;
			productRefGroup = 398D70401486EBCF009D1446 /* Products */;
			projectDirPath = "";
			projectRoot = "";
			targets = (
				398D703E1486EBCF009D1446 /* Get_Post */,
			);
		};
/* End PBXProject section */

/* Begin PBXResourcesBuildPhase section */
		398D703D1486EBCF009D1446 /* Resources */ = {
			isa = PBXResourcesBuildPhase;
			buildActionMask = 2147483647;
			files = (
				39B212D6148D63FE0049E014 /* lang-apollo.js in Resources */,
				39B212D7148D63FE0049E014 /* lang-clj.js in Resources */,
				39B212D8148D63FE0049E014 /* lang-css.js in Resources */,
				39B212D9148D63FE0049E014 /* lang-go.js in Resources */,
				39B212DA148D63FE0049E014 /* lang-hs.js in Resources */,
				39B212DB148D63FE0049E014 /* lang-lisp.js in Resources */,
				39B212DC148D63FE0049E014 /* lang-lua.js in Resources */,
				39B212DD148D63FE0049E014 /* lang-ml.js in Resources */,
				39B212DE148D63FE0049E014 /* lang-n.js in Resources */,
				39B212DF148D63FE0049E014 /* lang-proto.js in Resources */,
				39B212E0148D63FE0049E014 /* lang-scala.js in Resources */,
				39B212E1148D63FE0049E014 /* lang-sql.js in Resources */,
				39B212E2148D63FE0049E014 /* lang-tex.js in Resources */,
				39B212E3148D63FE0049E014 /* lang-vb.js in Resources */,
				39B212E4148D63FE0049E014 /* lang-vhdl.js in Resources */,
				39B212E5148D63FE0049E014 /* lang-wiki.js in Resources */,
				39B212E6148D63FE0049E014 /* lang-xq.js in Resources */,
				39B212E7148D63FE0049E014 /* lang-yaml.js in Resources */,
				39B212E9148D63FE0049E014 /* prettify.js in Resources */,
				398D704E1486EBCF009D1446 /* InfoPlist.strings in Resources */,
				398D70571486EBCF009D1446 /* MainStoryboard.storyboard in Resources */,
				571C847E14880E8900C97DAC /* icon.png in Resources */,
				571C84831488182800C97DAC /* checkmark.png in Resources */,
				571C84851488182800C97DAC /* login2.png in Resources */,
				571C848B148825B200C97DAC /* login.png in Resources */,
				39B211AC14885F370049E014 /* infoBack.png in Resources */,
				39B211B414885F870049E014 /* 200px-GitHub.png in Resources */,
				39B211B514885F870049E014 /* github-logo.png in Resources */,
				39B211BF148899DC0049E014 /* arrow2.png in Resources */,
				39B211C0148899DC0049E014 /* arrow.png in Resources */,
				39B21220148B26CF0049E014 /* folder.png in Resources */,
				39B21225148B435A0049E014 /* pat.png in Resources */,
				39B212A6148C421A0049E014 /* githubHeader.png in Resources */,
				39B212AB148C593A0049E014 /* blackboardBack.png in Resources */,
				39B212AD148C5BDD0049E014 /* Polaroid_Frame.png in Resources */,
				39B212AF148C5E4B0049E014 /* polaroid2.png in Resources */,
				39B212BD148D57140049E014 /* box1.png in Resources */,
				39B212C0148D60C50049E014 /* pencil.png in Resources */,
				39B212E8148D63FE0049E014 /* prettify.css in Resources */,
				39B212EB148D67210049E014 /* blueprint.png in Resources */,
				575C0B68148EC06100108833 /* seperator.png in Resources */,
				575C0B69148EC06100108833 /* footer.png in Resources */,
				575C0B6A148EC06100108833 /* subtlePat1.png in Resources */,
				575C0B6B148EC06100108833 /* subtlePat2.png in Resources */,
				39B21329148EFA9D0049E014 /* fileType.png in Resources */,
				39B2132A148EFA9D0049E014 /* email.png in Resources */,
				39B2132B148EFA9D0049E014 /* followers.png in Resources */,
				39B2132C148EFA9D0049E014 /* following.png in Resources */,
				39B2132F148F03DC0049E014 /* 32.png in Resources */,
				39B21331148F04A40049E014 /* locate.png in Resources */,
				39B21333148F06270049E014 /* gitLocate.png in Resources */,
				39B21335148F072A0049E014 /* loc.png in Resources */,
				39B21337148F08930049E014 /* briefcase_64px.png in Resources */,
			);
			runOnlyForDeploymentPostprocessing = 0;
		};
/* End PBXResourcesBuildPhase section */

/* Begin PBXSourcesBuildPhase section */
		398D703B1486EBCF009D1446 /* Sources */ = {
			isa = PBXSourcesBuildPhase;
			buildActionMask = 2147483647;
			files = (
				398D70501486EBCF009D1446 /* main.m in Sources */,
				398D70541486EBCF009D1446 /* GPAppDelegate.m in Sources */,
				398D705A1486EBCF009D1446 /* GPMasterViewController.m in Sources */,
				398D705D1486EBCF009D1446 /* GPDetailViewController.m in Sources */,
				398D7094148733CD009D1446 /* ioapi.c in Sources */,
				398D7095148733CD009D1446 /* mztools.c in Sources */,
				398D7096148733CD009D1446 /* unzip.c in Sources */,
				398D7097148733CD009D1446 /* zip.c in Sources */,
				398D7098148733CD009D1446 /* ZipArchive.mm in Sources */,
				398D709C1487465D009D1446 /* Base64.m in Sources */,
				571C848E148826A000C97DAC /* LoginViewController.m in Sources */,
				39B211BC14887E730049E014 /* UserInfoViewController.m in Sources */,
				39B21213148B16340049E014 /* CommitCell.m in Sources */,
				39B21217148B16BE0049E014 /* CommitsViewController.m in Sources */,
				39B2121A148B1F710049E014 /* FilesViewController.m in Sources */,
				39B21223148B35E50049E014 /* ISO8601DateFormatter.m in Sources */,
				39B212F2148D67DF0049E014 /* HTMLViewController.m in Sources */,
				575C0B6F148EC26F00108833 /* FileCell.m in Sources */,
			);
			runOnlyForDeploymentPostprocessing = 0;
		};
/* End PBXSourcesBuildPhase section */

/* Begin PBXVariantGroup section */
		398D704C1486EBCF009D1446 /* InfoPlist.strings */ = {
			isa = PBXVariantGroup;
			children = (
				398D704D1486EBCF009D1446 /* en */,
			);
			name = InfoPlist.strings;
			sourceTree = "<group>";
		};
		398D70551486EBCF009D1446 /* MainStoryboard.storyboard */ = {
			isa = PBXVariantGroup;
			children = (
				398D70561486EBCF009D1446 /* en */,
			);
			name = MainStoryboard.storyboard;
			sourceTree = "<group>";
		};
/* End PBXVariantGroup section */

/* Begin XCBuildConfiguration section */
		398D705E1486EBCF009D1446 /* Debug */ = {
			isa = XCBuildConfiguration;
			buildSettings = {
				ALWAYS_SEARCH_USER_PATHS = NO;
				ARCHS = "$(ARCHS_STANDARD_32_BIT)";
				CLANG_ENABLE_OBJC_ARC = YES;
				"CODE_SIGN_IDENTITY[sdk=iphoneos*]" = "iPhone Developer";
				COPY_PHASE_STRIP = NO;
				GCC_C_LANGUAGE_STANDARD = gnu99;
				GCC_DYNAMIC_NO_PIC = NO;
				GCC_OPTIMIZATION_LEVEL = 0;
				GCC_PREPROCESSOR_DEFINITIONS = (
					"DEBUG=1",
					"$(inherited)",
				);
				GCC_SYMBOLS_PRIVATE_EXTERN = NO;
				GCC_VERSION = com.apple.compilers.llvm.clang.1_0;
				GCC_WARN_ABOUT_MISSING_PROTOTYPES = YES;
				GCC_WARN_ABOUT_RETURN_TYPE = YES;
				GCC_WARN_UNUSED_VARIABLE = YES;
				IPHONEOS_DEPLOYMENT_TARGET = 5.0;
				SDKROOT = iphoneos;
				TARGETED_DEVICE_FAMILY = 2;
			};
			name = Debug;
		};
		398D705F1486EBCF009D1446 /* Release */ = {
			isa = XCBuildConfiguration;
			buildSettings = {
				ALWAYS_SEARCH_USER_PATHS = NO;
				ARCHS = "$(ARCHS_STANDARD_32_BIT)";
				CLANG_ENABLE_OBJC_ARC = YES;
				"CODE_SIGN_IDENTITY[sdk=iphoneos*]" = "iPhone Developer";
				COPY_PHASE_STRIP = YES;
				GCC_C_LANGUAGE_STANDARD = gnu99;
				GCC_VERSION = com.apple.compilers.llvm.clang.1_0;
				GCC_WARN_ABOUT_MISSING_PROTOTYPES = YES;
				GCC_WARN_ABOUT_RETURN_TYPE = YES;
				GCC_WARN_UNUSED_VARIABLE = YES;
				IPHONEOS_DEPLOYMENT_TARGET = 5.0;
				OTHER_CFLAGS = "-DNS_BLOCK_ASSERTIONS=1";
				SDKROOT = iphoneos;
				TARGETED_DEVICE_FAMILY = 2;
				VALIDATE_PRODUCT = YES;
			};
			name = Release;
		};
		398D70611486EBCF009D1446 /* Debug */ = {
			isa = XCBuildConfiguration;
			buildSettings = {
				GCC_PRECOMPILE_PREFIX_HEADER = YES;
				GCC_PREFIX_HEADER = "Get_Post/Get_Post-Prefix.pch";
				INFOPLIST_FILE = "Get_Post/Get_Post-Info.plist";
				PRODUCT_NAME = "$(TARGET_NAME)";
				WRAPPER_EXTENSION = app;
			};
			name = Debug;
		};
		398D70621486EBCF009D1446 /* Release */ = {
			isa = XCBuildConfiguration;
			buildSettings = {
				GCC_PRECOMPILE_PREFIX_HEADER = YES;
				GCC_PREFIX_HEADER = "Get_Post/Get_Post-Prefix.pch";
				INFOPLIST_FILE = "Get_Post/Get_Post-Info.plist";
				PRODUCT_NAME = "$(TARGET_NAME)";
				WRAPPER_EXTENSION = app;
			};
			name = Release;
		};
/* End XCBuildConfiguration section */

/* Begin XCConfigurationList section */
		398D70391486EBCF009D1446 /* Build configuration list for PBXProject "Get_Post" */ = {
			isa = XCConfigurationList;
			buildConfigurations = (
				398D705E1486EBCF009D1446 /* Debug */,
				398D705F1486EBCF009D1446 /* Release */,
			);
			defaultConfigurationIsVisible = 0;
			defaultConfigurationName = Release;
		};
		398D70601486EBCF009D1446 /* Build configuration list for PBXNativeTarget "Get_Post" */ = {
			isa = XCConfigurationList;
			buildConfigurations = (
				398D70611486EBCF009D1446 /* Debug */,
				398D70621486EBCF009D1446 /* Release */,
			);
			defaultConfigurationIsVisible = 0;
			defaultConfigurationName = Release;
		};
/* End XCConfigurationList section */
	};
	rootObject = 398D70361486EBCF009D1446 /* Project object */;
}
